<?xml version="1.0" encoding="utf-8"?>
<Project ToolsVersion="4.0" xmlns="http://schemas.microsoft.com/developer/msbuild/2003">
  <ItemGroup>
    <Filter Include="소스 파일">
      <UniqueIdentifier>{4FC737F1-C7A5-4376-A066-2A32D752A2FF}</UniqueIdentifier>
      <Extensions>cpp;c;cc;cxx;c++;cppm;ixx;def;odl;idl;hpj;bat;asm;asmx</Extensions>
    </Filter>
    <Filter Include="헤더 파일">
      <UniqueIdentifier>{93995380-89BD-4b04-88EB-625FBE52EBFB}</UniqueIdentifier>
      <Extensions>h;hh;hpp;hxx;h++;hm;inl;inc;ipp;xsd</Extensions>
    </Filter>
    <Filter Include="리소스 파일">
      <UniqueIdentifier>{67DA6AB6-F800-4c08-8B7A-83BB121AAD01}</UniqueIdentifier>
      <Extensions>rc;ico;cur;bmp;dlg;rc2;rct;bin;rgs;gif;jpg;jpeg;jpe;resx;tiff;tif;png;wav;mfcribbon-ms</Extensions>
    </Filter>
    <Filter Include="헤더 파일\Core">
      <UniqueIdentifier>{8c0afb71-7372-4271-9259-85176ffdc2a3}</UniqueIdentifier>
    </Filter>
    <Filter Include="헤더 파일\Util">
      <UniqueIdentifier>{828c16d8-b0c5-435a-85d4-697a231548fa}</UniqueIdentifier>
    </Filter>
    <Filter Include="소스 파일\Util">
      <UniqueIdentifier>{565eb04d-0db5-47cc-8094-d382acee2e5c}</UniqueIdentifier>
    </Filter>
    <Filter Include="소스 파일\Component">
      <UniqueIdentifier>{65b56e5e-194e-4931-bd8d-d27042282394}</UniqueIdentifier>
    </Filter>
    <Filter Include="소스 파일\System">
      <UniqueIdentifier>{e9d90584-358a-4c1d-86a3-573dcfa403ea}</UniqueIdentifier>
    </Filter>
    <Filter Include="소스 파일\GameObjects">
      <UniqueIdentifier>{fb57b59c-f1c0-4750-ab8c-ec5ca818b4f4}</UniqueIdentifier>
    </Filter>
    <Filter Include="소스 파일\ECS">
      <UniqueIdentifier>{c86dda01-90d9-4122-a98c-0bfbbf6cf537}</UniqueIdentifier>
    </Filter>
    <Filter Include="소스 파일\ECS\Component">
      <UniqueIdentifier>{415b328d-6516-40d8-bed4-fae31fab49bd}</UniqueIdentifier>
    </Filter>
    <Filter Include="소스 파일\ECS\Component\Base">
      <UniqueIdentifier>{9937f41b-f313-4b2d-8924-bcc25e89ccd0}</UniqueIdentifier>
    </Filter>
    <Filter Include="소스 파일\ECS\ECSBase">
      <UniqueIdentifier>{62d099d3-0ce7-45b4-8349-a3d9220c8b44}</UniqueIdentifier>
    </Filter>
    <Filter Include="소스 파일\ECS\Entity">
      <UniqueIdentifier>{6f5b7062-bd9d-419d-a975-6b6654552825}</UniqueIdentifier>
    </Filter>
    <Filter Include="소스 파일\ECS\Entity\Base">
      <UniqueIdentifier>{c899fb95-bb90-42ab-abf4-1e46e66a7702}</UniqueIdentifier>
    </Filter>
    <Filter Include="소스 파일\ECS\Entity\HandleTable">
      <UniqueIdentifier>{66104085-9fb9-4250-8418-31f7beb25166}</UniqueIdentifier>
    </Filter>
    <Filter Include="소스 파일\ECS\Event">
      <UniqueIdentifier>{69e26e22-afb0-4b4c-862c-063188bbaedb}</UniqueIdentifier>
    </Filter>
    <Filter Include="소스 파일\ECS\Event\Base">
      <UniqueIdentifier>{27931658-8acf-45eb-b996-ff4f14944250}</UniqueIdentifier>
    </Filter>
    <Filter Include="소스 파일\ECS\Event\Handler">
      <UniqueIdentifier>{ec515ed0-76d2-44ab-911a-23d820836358}</UniqueIdentifier>
    </Filter>
    <Filter Include="소스 파일\ECS\Event\Dispatcher">
      <UniqueIdentifier>{6c3323fa-eb47-48b5-9b58-110a6f7f50fd}</UniqueIdentifier>
    </Filter>
    <Filter Include="소스 파일\ECS\Event\Delegate">
      <UniqueIdentifier>{e3879ac8-5e87-4afa-a1f7-404f9c053bf2}</UniqueIdentifier>
    </Filter>
    <Filter Include="소스 파일\ECS\Event\Listener">
      <UniqueIdentifier>{b74e177f-1324-4179-bd14-d747703745ba}</UniqueIdentifier>
    </Filter>
    <Filter Include="소스 파일\ECS\System">
      <UniqueIdentifier>{b567ebc7-e18e-498c-8f3d-c952c751e9f0}</UniqueIdentifier>
    </Filter>
    <Filter Include="소스 파일\ECS\System\Base">
      <UniqueIdentifier>{7944c6bf-e6b3-4495-9078-7fc4ce804a3f}</UniqueIdentifier>
    </Filter>
    <Filter Include="소스 파일\ECS\Manager">
      <UniqueIdentifier>{df6762e8-1b61-4da9-9ec3-ddee789333bc}</UniqueIdentifier>
    </Filter>
    <Filter Include="소스 파일\GameEvents">
      <UniqueIdentifier>{932a216b-c9fa-459f-8a3a-9d9d2600b545}</UniqueIdentifier>
    </Filter>
    <Filter Include="소스 파일\System\Input">
      <UniqueIdentifier>{d9dc6596-fedf-4c96-88b6-34d8daae60d7}</UniqueIdentifier>
    </Filter>
    <Filter Include="소스 파일\System\Render">
      <UniqueIdentifier>{b84eb1f4-b540-4869-bfe3-1bf7276ae2cf}</UniqueIdentifier>
    </Filter>
    <Filter Include="소스 파일\System\World">
      <UniqueIdentifier>{46a2b1c9-4ad0-4b92-95b5-3a1a24fe8ba9}</UniqueIdentifier>
    </Filter>
    <Filter Include="소스 파일\System\PlayerControll">
      <UniqueIdentifier>{71856950-c2ef-43f0-9aa4-f1989cc14159}</UniqueIdentifier>
    </Filter>
    <Filter Include="소스 파일\Resource">
      <UniqueIdentifier>{372143fa-65b1-4851-80cc-6c71e1ee0ff5}</UniqueIdentifier>
    </Filter>
    <Filter Include="소스 파일\Resource\Image">
      <UniqueIdentifier>{31b6f101-770b-458c-9735-58ffe32df967}</UniqueIdentifier>
    </Filter>
    <Filter Include="소스 파일\Resource\Animation">
      <UniqueIdentifier>{a191f548-2a2c-4100-b43c-9e53503fb565}</UniqueIdentifier>
    </Filter>
    <Filter Include="소스 파일\System\Collider">
      <UniqueIdentifier>{29201d98-4425-46c4-b1f6-8f5f3fbacce6}</UniqueIdentifier>
    </Filter>
    <Filter Include="소스 파일\Component\Box">
      <UniqueIdentifier>{831fb69a-5bc1-48da-8452-2ec74bce2ac8}</UniqueIdentifier>
    </Filter>
    <Filter Include="소스 파일\Component\Sprite">
      <UniqueIdentifier>{d048ecc1-a3ca-49f9-9c2d-c5efb91b42ec}</UniqueIdentifier>
    </Filter>
    <Filter Include="소스 파일\Component\AbilityStat">
      <UniqueIdentifier>{4581c21a-bc94-4d72-902b-4924a45f506d}</UniqueIdentifier>
    </Filter>
    <Filter Include="소스 파일\Component\Transform">
      <UniqueIdentifier>{7f0b97aa-9cdc-4565-8ba8-d2816b88d22f}</UniqueIdentifier>
    </Filter>
    <Filter Include="소스 파일\Component\State">
      <UniqueIdentifier>{d6253496-75a2-4a3a-9213-72e9e63ae979}</UniqueIdentifier>
    </Filter>
    <Filter Include="소스 파일\Component\Animation">
      <UniqueIdentifier>{b89296f7-1724-439c-86f1-b50ee74a8b36}</UniqueIdentifier>
    </Filter>
    <Filter Include="소스 파일\Util\Vector3">
      <UniqueIdentifier>{3ab0bcd1-87d3-4e16-a63e-617b297ce2ba}</UniqueIdentifier>
    </Filter>
    <Filter Include="소스 파일\Camera">
      <UniqueIdentifier>{22951d17-e7c2-4830-8b20-04810f6be930}</UniqueIdentifier>
    </Filter>
    <Filter Include="소스 파일\ECS\ECSTypeId">
      <UniqueIdentifier>{ca4f16cb-acbf-4367-b245-aa8fa1ede7b0}</UniqueIdentifier>
    </Filter>
    <Filter Include="소스 파일\System\MonsterControll">
      <UniqueIdentifier>{07a25466-8604-42d3-bbbc-32671b026993}</UniqueIdentifier>
    </Filter>
    <Filter Include="소스 파일\Component\Detect">
      <UniqueIdentifier>{7998a6b5-2b68-4d48-ba39-0ee3079a594c}</UniqueIdentifier>
    </Filter>
    <Filter Include="소스 파일\System\TowerControll">
      <UniqueIdentifier>{41af62cc-1e9a-45a4-9b9a-c54dcf8807ce}</UniqueIdentifier>
    </Filter>
    <Filter Include="소스 파일\Spawner">
      <UniqueIdentifier>{fa8990f0-f902-4cd6-9c23-b4f2216ce633}</UniqueIdentifier>
    </Filter>
    <Filter Include="소스 파일\Component\Attack">
      <UniqueIdentifier>{31ecd97c-ab5a-4cae-83a6-3f3f2b41024f}</UniqueIdentifier>
    </Filter>
    <Filter Include="소스 파일\Effects">
      <UniqueIdentifier>{37db77b5-3c1c-48dd-aa7a-cbc9938ef79b}</UniqueIdentifier>
    </Filter>
    <Filter Include="소스 파일\System\Effect">
      <UniqueIdentifier>{d5575d7c-642c-4d87-ba7d-339f874bf876}</UniqueIdentifier>
    </Filter>
    <Filter Include="소스 파일\Component\UI">
      <UniqueIdentifier>{3029ae56-a089-4178-b4ba-3aed117daa45}</UniqueIdentifier>
    </Filter>
    <Filter Include="소스 파일\Component\UI\Group">
      <UniqueIdentifier>{b0467fd7-bc14-41cb-805a-94ea9c47513c}</UniqueIdentifier>
    </Filter>
    <Filter Include="소스 파일\System\UI">
      <UniqueIdentifier>{a9232a72-673b-492f-b299-5a16f7c65867}</UniqueIdentifier>
    </Filter>
    <Filter Include="소스 파일\Component\UI\Transform">
      <UniqueIdentifier>{8df89e86-ac1d-4d90-954b-f02607637e71}</UniqueIdentifier>
    </Filter>
    <Filter Include="소스 파일\Component\UI\Button">
      <UniqueIdentifier>{2d411a6e-e968-444c-993f-3457a080ac68}</UniqueIdentifier>
    </Filter>
    <Filter Include="소스 파일\Component\UI\Button\ButtonState">
      <UniqueIdentifier>{0cc6ddb1-8ae5-4f95-bc50-a30e5647bc87}</UniqueIdentifier>
    </Filter>
    <Filter Include="소스 파일\Component\UI\Button\ButtonState\Normal">
      <UniqueIdentifier>{1c06c465-2372-4a5e-9441-18d8eeaf433c}</UniqueIdentifier>
    </Filter>
    <Filter Include="소스 파일\Component\UI\Button\ButtonState\Pressed">
      <UniqueIdentifier>{ae8c8b5f-acb4-41b6-938a-e83896aec461}</UniqueIdentifier>
    </Filter>
    <Filter Include="소스 파일\Component\UI\Button\ButtonState\Released">
      <UniqueIdentifier>{d54d3f92-039b-4e68-82d9-c32863531936}</UniqueIdentifier>
    </Filter>
    <Filter Include="소스 파일\Component\UI\Button\ButtonState\Clicked">
      <UniqueIdentifier>{ea144276-f16d-4b7a-aa27-3f7b5e5366ab}</UniqueIdentifier>
    </Filter>
    <Filter Include="소스 파일\Component\UI\Button\ButtonState\Hover">
      <UniqueIdentifier>{c70e0384-00a3-4e0d-ac9b-ac3f821083f9}</UniqueIdentifier>
    </Filter>
    <Filter Include="소스 파일\Component\UI\Text">
      <UniqueIdentifier>{3e8a2c6c-bd52-4e2a-b6af-693ff113a3c1}</UniqueIdentifier>
    </Filter>
  </ItemGroup>
  <ItemGroup>
    <ClInclude Include="Component.h">
      <Filter>소스 파일\ECS\Component\Base</Filter>
    </ClInclude>
    <ClInclude Include="DemoApp.h">
      <Filter>헤더 파일\Core</Filter>
    </ClInclude>
    <ClInclude Include="framework.h">
      <Filter>헤더 파일\Core</Filter>
    </ClInclude>
    <ClInclude Include="Resource.h">
      <Filter>헤더 파일\Core</Filter>
    </ClInclude>
    <ClInclude Include="targetver.h">
      <Filter>헤더 파일\Core</Filter>
    </ClInclude>
    <ClInclude Include="Win32Main.h">
      <Filter>헤더 파일\Core</Filter>
    </ClInclude>
    <ClInclude Include="STL.h">
      <Filter>헤더 파일\Util</Filter>
    </ClInclude>
    <ClInclude Include="IComponent.h">
      <Filter>소스 파일\ECS\Component\Base</Filter>
    </ClInclude>
    <ClInclude Include="ComponentManager.h">
      <Filter>소스 파일\ECS\Manager</Filter>
    </ClInclude>
    <ClInclude Include="Event.h">
      <Filter>소스 파일\ECS\Event</Filter>
    </ClInclude>
    <ClInclude Include="IEvent.h">
      <Filter>소스 파일\ECS\Event\Base</Filter>
    </ClInclude>
    <ClInclude Include="EventHandler.h">
      <Filter>소스 파일\ECS\Event\Handler</Filter>
    </ClInclude>
    <ClInclude Include="EventDispatcher.h">
      <Filter>소스 파일\ECS\Event\Dispatcher</Filter>
    </ClInclude>
    <ClInclude Include="EventDelegate.h">
      <Filter>소스 파일\ECS\Event\Delegate</Filter>
    </ClInclude>
    <ClInclude Include="EventListener.h">
      <Filter>소스 파일\ECS\Event\Listener</Filter>
    </ClInclude>
    <ClInclude Include="ECSBase.h">
      <Filter>소스 파일\ECS\ECSBase</Filter>
    </ClInclude>
    <ClInclude Include="ECSCall.h">
      <Filter>소스 파일\ECS\ECSBase</Filter>
    </ClInclude>
    <ClInclude Include="EntityManager.h">
      <Filter>소스 파일\ECS\Manager</Filter>
    </ClInclude>
    <ClInclude Include="IEntity.h">
      <Filter>소스 파일\ECS\Entity\Base</Filter>
    </ClInclude>
    <ClInclude Include="EntityHandleTable.h">
      <Filter>소스 파일\ECS\Entity\HandleTable</Filter>
    </ClInclude>
    <ClInclude Include="Entity.h">
      <Filter>소스 파일\ECS\Entity</Filter>
    </ClInclude>
    <ClInclude Include="ISystem.h">
      <Filter>소스 파일\ECS\System\Base</Filter>
    </ClInclude>
    <ClInclude Include="System.h">
      <Filter>소스 파일\ECS\System</Filter>
    </ClInclude>
    <ClInclude Include="SystemManager.h">
      <Filter>소스 파일\ECS\Manager</Filter>
    </ClInclude>
    <ClInclude Include="ECSElements.h">
      <Filter>소스 파일\ECS\ECSBase</Filter>
    </ClInclude>
    <ClInclude Include="utilheader.h">
      <Filter>소스 파일\ECS\ECSBase</Filter>
    </ClInclude>
    <ClInclude Include="Square.h">
      <Filter>소스 파일\GameObjects</Filter>
    </ClInclude>
    <ClInclude Include="Events.h">
      <Filter>소스 파일\GameEvents</Filter>
    </ClInclude>
    <ClInclude Include="InputSystem.h">
      <Filter>소스 파일\System\Input</Filter>
    </ClInclude>
    <ClInclude Include="ResourceSystem.h">
      <Filter>소스 파일\Resource</Filter>
    </ClInclude>
    <ClInclude Include="RenderSystem.h">
      <Filter>소스 파일\System\Render</Filter>
    </ClInclude>
    <ClInclude Include="PlayerControllSystem.h">
      <Filter>소스 파일\System\PlayerControll</Filter>
    </ClInclude>
    <ClInclude Include="Image.h">
      <Filter>소스 파일\Resource\Image</Filter>
    </ClInclude>
    <ClInclude Include="Animation.h">
      <Filter>소스 파일\Resource\Animation</Filter>
    </ClInclude>
    <ClInclude Include="ColliderSystem.h">
      <Filter>소스 파일\System\Collider</Filter>
    </ClInclude>
    <ClInclude Include="EnumClass.h">
      <Filter>헤더 파일\Util</Filter>
    </ClInclude>
    <ClInclude Include="Util.h">
      <Filter>소스 파일\Util</Filter>
    </ClInclude>
    <ClInclude Include="CollisionEvents.h">
      <Filter>소스 파일\GameEvents</Filter>
    </ClInclude>
    <ClInclude Include="BoxCollider.h">
      <Filter>소스 파일\Component\Box</Filter>
    </ClInclude>
    <ClInclude Include="Sprite.h">
      <Filter>소스 파일\Component\Sprite</Filter>
    </ClInclude>
    <ClInclude Include="Transform.h">
      <Filter>소스 파일\Component\Transform</Filter>
    </ClInclude>
    <ClInclude Include="StateComponent.h">
      <Filter>소스 파일\Component\State</Filter>
    </ClInclude>
    <ClInclude Include="State.h">
      <Filter>소스 파일\Component\State</Filter>
    </ClInclude>
    <ClInclude Include="StateEvents.h">
      <Filter>소스 파일\GameEvents</Filter>
    </ClInclude>
    <ClInclude Include="AnimationComponent.h">
      <Filter>소스 파일\Component\Animation</Filter>
    </ClInclude>
    <ClInclude Include="FamilyTypeId.h">
      <Filter>소스 파일\ECS\ECSTypeId</Filter>
    </ClInclude>
    <ClInclude Include="Vector3.h">
      <Filter>소스 파일\Util\Vector3</Filter>
    </ClInclude>
    <ClInclude Include="Camera.h">
      <Filter>소스 파일\Camera</Filter>
    </ClInclude>
    <ClInclude Include="MonsterSpawner.h">
      <Filter>소스 파일\Spawner</Filter>
    </ClInclude>
    <ClInclude Include="GamePlayEvents.h">
      <Filter>소스 파일\GameEvents</Filter>
    </ClInclude>
    <ClInclude Include="Monster.h">
      <Filter>소스 파일\GameObjects</Filter>
    </ClInclude>
    <ClInclude Include="Components.h">
      <Filter>헤더 파일\Util</Filter>
    </ClInclude>
    <ClInclude Include="MonsterControll.h">
      <Filter>소스 파일\System\MonsterControll</Filter>
    </ClInclude>
    <ClInclude Include="DetectComponent.h">
      <Filter>소스 파일\Component\Detect</Filter>
    </ClInclude>
    <ClInclude Include="TowerControll.h">
      <Filter>소스 파일\System\TowerControll</Filter>
    </ClInclude>
    <ClInclude Include="MonsterStat.h">
      <Filter>소스 파일\Component\AbilityStat</Filter>
    </ClInclude>
    <ClInclude Include="AttackComponent.h">
      <Filter>소스 파일\Component\Attack</Filter>
    </ClInclude>
    <ClInclude Include="Effect.h">
      <Filter>소스 파일\Effects</Filter>
    </ClInclude>
    <ClInclude Include="EffectSystem.h">
      <Filter>소스 파일\System\Effect</Filter>
    </ClInclude>
    <ClInclude Include="UIGroup.h">
      <Filter>소스 파일\Component\UI\Group</Filter>
    </ClInclude>
    <ClInclude Include="UISystem.h">
      <Filter>소스 파일\System\UI</Filter>
    </ClInclude>
    <ClInclude Include="UITransform.h">
      <Filter>소스 파일\Component\UI\Transform</Filter>
    </ClInclude>
    <ClInclude Include="ButtonComponent.h">
      <Filter>소스 파일\Component\UI\Button</Filter>
    </ClInclude>
    <ClInclude Include="ButtonNormal.h">
      <Filter>소스 파일\Component\UI\Button\ButtonState\Normal</Filter>
    </ClInclude>
    <ClInclude Include="ButtonPressed.h">
      <Filter>소스 파일\Component\UI\Button\ButtonState\Pressed</Filter>
    </ClInclude>
    <ClInclude Include="ButtonReleased.h">
      <Filter>소스 파일\Component\UI\Button\ButtonState\Released</Filter>
    </ClInclude>
    <ClInclude Include="ButtonClicked.h">
      <Filter>소스 파일\Component\UI\Button\ButtonState\Clicked</Filter>
    </ClInclude>
    <ClInclude Include="ButtonHover.h">
      <Filter>소스 파일\Component\UI\Button\ButtonState\Hover</Filter>
    </ClInclude>
    <ClInclude Include="Systems.h">
      <Filter>헤더 파일\Util</Filter>
    </ClInclude>
    <ClInclude Include="SampleButton.h">
      <Filter>소스 파일\GameObjects</Filter>
    </ClInclude>
    <ClInclude Include="ButtonStates.h">
      <Filter>헤더 파일\Util</Filter>
    </ClInclude>
    <ClInclude Include="DefaultUIObject.h">
      <Filter>소스 파일\GameObjects</Filter>
    </ClInclude>
    <ClInclude Include="World.h">
      <Filter>소스 파일\System\World</Filter>
    </ClInclude>
    <ClInclude Include="TextComponent.h">
      <Filter>소스 파일\Component\UI\Text</Filter>
    </ClInclude>
  </ItemGroup>
  <ItemGroup>
    <ClCompile Include="Win32Main.cpp">
      <Filter>소스 파일</Filter>
    </ClCompile>
    <ClCompile Include="DemoApp.cpp">
      <Filter>소스 파일</Filter>
    </ClCompile>
    <ClCompile Include="Component.cpp">
      <Filter>소스 파일\ECS\Component\Base</Filter>
    </ClCompile>
    <ClCompile Include="IComponent.cpp">
      <Filter>소스 파일\ECS\Component\Base</Filter>
    </ClCompile>
    <ClCompile Include="ComponentManager.cpp">
      <Filter>소스 파일\ECS\Manager</Filter>
    </ClCompile>
    <ClCompile Include="Event.cpp">
      <Filter>소스 파일\ECS\Event</Filter>
    </ClCompile>
    <ClCompile Include="IEvent.cpp">
      <Filter>소스 파일\ECS\Event\Base</Filter>
    </ClCompile>
    <ClCompile Include="EventHandler.cpp">
      <Filter>소스 파일\ECS\Event\Handler</Filter>
    </ClCompile>
    <ClCompile Include="EventDispatcher.cpp">
      <Filter>소스 파일\ECS\Event\Dispatcher</Filter>
    </ClCompile>
    <ClCompile Include="EventDelegate.cpp">
      <Filter>소스 파일\ECS\Event\Delegate</Filter>
    </ClCompile>
    <ClCompile Include="EventListener.cpp">
      <Filter>소스 파일\ECS\Event\Listener</Filter>
    </ClCompile>
    <ClCompile Include="ECSBase.cpp">
      <Filter>소스 파일\ECS\ECSBase</Filter>
    </ClCompile>
    <ClCompile Include="ECSCall.cpp">
      <Filter>소스 파일\ECS\ECSBase</Filter>
    </ClCompile>
    <ClCompile Include="EntityManager.cpp">
      <Filter>소스 파일\ECS\Manager</Filter>
    </ClCompile>
    <ClCompile Include="IEntity.cpp">
      <Filter>소스 파일\ECS\Entity\Base</Filter>
    </ClCompile>
    <ClCompile Include="EntityHandleTable.cpp">
      <Filter>소스 파일\ECS\Entity\HandleTable</Filter>
    </ClCompile>
    <ClCompile Include="Entity.cpp">
      <Filter>소스 파일\ECS\Entity</Filter>
    </ClCompile>
    <ClCompile Include="ISystem.cpp">
      <Filter>소스 파일\ECS\System\Base</Filter>
    </ClCompile>
    <ClCompile Include="System.cpp">
      <Filter>소스 파일\ECS\System</Filter>
    </ClCompile>
    <ClCompile Include="SystemManager.cpp">
      <Filter>소스 파일\ECS\Manager</Filter>
    </ClCompile>
    <ClCompile Include="globalheader.h">
      <Filter>헤더 파일\Util</Filter>
    </ClCompile>
    <ClCompile Include="Square.cpp">
      <Filter>소스 파일\GameObjects</Filter>
    </ClCompile>
    <ClCompile Include="InputSystem.cpp">
      <Filter>소스 파일\System\Input</Filter>
    </ClCompile>
    <ClCompile Include="ResourceSystem.cpp">
      <Filter>소스 파일\Resource</Filter>
    </ClCompile>
    <ClCompile Include="RenderSystem.cpp">
      <Filter>소스 파일\System\Render</Filter>
    </ClCompile>
    <ClCompile Include="World.cpp">
      <Filter>소스 파일\System\World</Filter>
    </ClCompile>
    <ClCompile Include="PlayerControllSystem.cpp">
      <Filter>소스 파일\System\PlayerControll</Filter>
    </ClCompile>
    <ClCompile Include="ColliderSystem.cpp">
      <Filter>소스 파일\System\Collider</Filter>
    </ClCompile>
    <ClCompile Include="Util.cpp">
      <Filter>소스 파일\Util</Filter>
    </ClCompile>
    <ClCompile Include="BoxCollider.cpp">
      <Filter>소스 파일\Component\Box</Filter>
    </ClCompile>
    <ClCompile Include="Sprite.cpp">
      <Filter>소스 파일\Component\Sprite</Filter>
    </ClCompile>
    <ClCompile Include="Transform.cpp">
      <Filter>소스 파일\Component\Transform</Filter>
    </ClCompile>
    <ClCompile Include="StateComponent.cpp">
      <Filter>소스 파일\Component\State</Filter>
    </ClCompile>
    <ClCompile Include="AnimationComponent.cpp">
      <Filter>소스 파일\Component\Animation</Filter>
    </ClCompile>
    <ClCompile Include="FamilyTypeId.cpp">
      <Filter>소스 파일\ECS\ECSTypeId</Filter>
    </ClCompile>
    <ClCompile Include="Vector3.cpp">
      <Filter>소스 파일\Util\Vector3</Filter>
    </ClCompile>
    <ClCompile Include="Camera.cpp">
      <Filter>소스 파일\Camera</Filter>
    </ClCompile>
    <ClCompile Include="MonsterSpawner.cpp">
      <Filter>소스 파일\Spawner</Filter>
    </ClCompile>
    <ClCompile Include="Monster.cpp">
      <Filter>소스 파일\GameObjects</Filter>
    </ClCompile>
    <ClCompile Include="MonsterControll.cpp">
      <Filter>소스 파일\System\MonsterControll</Filter>
    </ClCompile>
    <ClCompile Include="DetectComponent.cpp">
      <Filter>소스 파일\Component\Detect</Filter>
    </ClCompile>
    <ClCompile Include="TowerControll.cpp">
      <Filter>소스 파일\System\TowerControll</Filter>
    </ClCompile>
    <ClCompile Include="MonsterStat.cpp">
      <Filter>소스 파일\Component\AbilityStat</Filter>
    </ClCompile>
    <ClCompile Include="AttackComponent.cpp">
      <Filter>소스 파일\Component\Attack</Filter>
    </ClCompile>
    <ClCompile Include="Effect.cpp">
      <Filter>소스 파일\Effects</Filter>
    </ClCompile>
    <ClCompile Include="EffectSystem.cpp">
      <Filter>소스 파일\System\Effect</Filter>
    </ClCompile>
    <ClCompile Include="UIGroup.cpp">
      <Filter>소스 파일\Component\UI\Group</Filter>
    </ClCompile>
    <ClCompile Include="UISystem.cpp">
      <Filter>소스 파일\System\UI</Filter>
    </ClCompile>
    <ClCompile Include="UITransform.cpp">
      <Filter>소스 파일\Component\UI\Transform</Filter>
    </ClCompile>
    <ClCompile Include="ButtonComponent.cpp">
      <Filter>소스 파일\Component\UI\Button</Filter>
    </ClCompile>
    <ClCompile Include="ButtonNormal.cpp">
      <Filter>소스 파일\Component\UI\Button\ButtonState\Normal</Filter>
    </ClCompile>
    <ClCompile Include="ButtonPressed.cpp">
      <Filter>소스 파일\Component\UI\Button\ButtonState\Pressed</Filter>
    </ClCompile>
    <ClCompile Include="ButtonReleased.cpp">
      <Filter>소스 파일\Component\UI\Button\ButtonState\Released</Filter>
    </ClCompile>
    <ClCompile Include="ButtonClicked.cpp">
      <Filter>소스 파일\Component\UI\Button\ButtonState\Clicked</Filter>
    </ClCompile>
    <ClCompile Include="ButtonHover.cpp">
      <Filter>소스 파일\Component\UI\Button\ButtonState\Hover</Filter>
    </ClCompile>
    <ClCompile Include="SampleButton.cpp">
      <Filter>소스 파일\GameObjects</Filter>
    </ClCompile>
    <ClCompile Include="DefaultUIObject.cpp">
      <Filter>소스 파일\GameObjects</Filter>
    </ClCompile>
    <ClCompile Include="TextComponent.cpp">
      <Filter>소스 파일\Component\UI\Text</Filter>
    </ClCompile>
  </ItemGroup>
  <ItemGroup>
    <ResourceCompile Include="Win32Main.rc">
      <Filter>리소스 파일</Filter>
    </ResourceCompile>
  </ItemGroup>
  <ItemGroup>
    <Image Include="small.ico">
      <Filter>리소스 파일</Filter>
    </Image>
    <Image Include="Win32Main.ico">
      <Filter>리소스 파일</Filter>
    </Image>
  </ItemGroup>
</Project>