<?xml version="1.0" encoding="utf-8"?>
<Project ToolsVersion="4.0" xmlns="http://schemas.microsoft.com/developer/msbuild/2003">
  <ItemGroup>
    <Filter Include="소스 파일">
      <UniqueIdentifier>{4FC737F1-C7A5-4376-A066-2A32D752A2FF}</UniqueIdentifier>
      <Extensions>cpp;c;cc;cxx;c++;cppm;ixx;def;odl;idl;hpj;bat;asm;asmx</Extensions>
    </Filter>
    <Filter Include="헤더 파일">
      <UniqueIdentifier>{93995380-89BD-4b04-88EB-625FBE52EBFB}</UniqueIdentifier>
      <Extensions>h;hh;hpp;hxx;h++;hm;inl;inc;ipp;xsd</Extensions>
    </Filter>
    <Filter Include="리소스 파일">
      <UniqueIdentifier>{67DA6AB6-F800-4c08-8B7A-83BB121AAD01}</UniqueIdentifier>
      <Extensions>rc;ico;cur;bmp;dlg;rc2;rct;bin;rgs;gif;jpg;jpeg;jpe;resx;tiff;tif;png;wav;mfcribbon-ms</Extensions>
    </Filter>
    <Filter Include="소스 파일\Component">
      <UniqueIdentifier>{415b328d-6516-40d8-bed4-fae31fab49bd}</UniqueIdentifier>
    </Filter>
    <Filter Include="소스 파일\Component\Render">
      <UniqueIdentifier>{54324fd4-538a-43f5-bb1c-2bf109b714ca}</UniqueIdentifier>
    </Filter>
    <Filter Include="소스 파일\Component\Base">
      <UniqueIdentifier>{9937f41b-f313-4b2d-8924-bcc25e89ccd0}</UniqueIdentifier>
    </Filter>
    <Filter Include="헤더 파일\Core">
      <UniqueIdentifier>{8c0afb71-7372-4271-9259-85176ffdc2a3}</UniqueIdentifier>
    </Filter>
    <Filter Include="헤더 파일\Util">
      <UniqueIdentifier>{828c16d8-b0c5-435a-85d4-697a231548fa}</UniqueIdentifier>
    </Filter>
    <Filter Include="소스 파일\Util">
      <UniqueIdentifier>{565eb04d-0db5-47cc-8094-d382acee2e5c}</UniqueIdentifier>
    </Filter>
  </ItemGroup>
  <ItemGroup>
    <ClInclude Include="Component.h">
      <Filter>소스 파일\Component\Base</Filter>
    </ClInclude>
    <ClInclude Include="DemoApp.h">
      <Filter>헤더 파일\Core</Filter>
    </ClInclude>
    <ClInclude Include="framework.h">
      <Filter>헤더 파일\Core</Filter>
    </ClInclude>
    <ClInclude Include="Resource.h">
      <Filter>헤더 파일\Core</Filter>
    </ClInclude>
    <ClInclude Include="targetver.h">
      <Filter>헤더 파일\Core</Filter>
    </ClInclude>
    <ClInclude Include="Win32Main.h">
      <Filter>헤더 파일\Core</Filter>
    </ClInclude>
    <ClInclude Include="STL.h">
      <Filter>헤더 파일\Util</Filter>
    </ClInclude>
    <ClInclude Include="RenderComponent.h">
      <Filter>소스 파일\Component\Render</Filter>
    </ClInclude>
    <ClInclude Include="Vector3.h">
      <Filter>소스 파일\Util</Filter>
    </ClInclude>
  </ItemGroup>
  <ItemGroup>
    <ClCompile Include="Win32Main.cpp">
      <Filter>소스 파일</Filter>
    </ClCompile>
    <ClCompile Include="DemoApp.cpp">
      <Filter>소스 파일</Filter>
    </ClCompile>
    <ClCompile Include="RenderComponent.cpp">
      <Filter>소스 파일\Component\Render</Filter>
    </ClCompile>
    <ClCompile Include="Component.cpp">
      <Filter>소스 파일\Component\Base</Filter>
    </ClCompile>
    <ClCompile Include="Vector3.cpp">
      <Filter>소스 파일\Util</Filter>
    </ClCompile>
  </ItemGroup>
  <ItemGroup>
    <ResourceCompile Include="Win32Main.rc">
      <Filter>리소스 파일</Filter>
    </ResourceCompile>
  </ItemGroup>
  <ItemGroup>
    <Image Include="small.ico">
      <Filter>리소스 파일</Filter>
    </Image>
    <Image Include="Win32Main.ico">
      <Filter>리소스 파일</Filter>
    </Image>
  </ItemGroup>
</Project>